// !$*UTF8*$!
{
	archiveVersion = 1;
	classes = {
	};
	objectVersion = 46;
	objects = {

/* Begin PBXBuildFile section */
		554333FF1CFA3E6A00FF643A /* dans_binary.cpp in Sources */ = {isa = PBXBuildFile; fileRef = 554333FD1CFA3E6A00FF643A /* dans_binary.cpp */; };
		55A801471CF9261300C44356 /* main.cpp in Sources */ = {isa = PBXBuildFile; fileRef = 55A801461CF9261300C44356 /* main.cpp */; };
		55A8014F1CF9266100C44356 /* dans_xml.cpp in Sources */ = {isa = PBXBuildFile; fileRef = 55A8014D1CF9266100C44356 /* dans_xml.cpp */; };
/* End PBXBuildFile section */

/* Begin PBXCopyFilesBuildPhase section */
		55A801411CF9261300C44356 /* CopyFiles */ = {
			isa = PBXCopyFilesBuildPhase;
			buildActionMask = 2147483647;
			dstPath = /usr/share/man/man1/;
			dstSubfolderSpec = 0;
			files = (
			);
			runOnlyForDeploymentPostprocessing = 1;
		};
/* End PBXCopyFilesBuildPhase section */

/* Begin PBXFileReference section */
		554333FD1CFA3E6A00FF643A /* dans_binary.cpp */ = {isa = PBXFileReference; fileEncoding = 4; lastKnownFileType = sourcecode.cpp.cpp; path = dans_binary.cpp; sourceTree = "<group>"; };
		554333FE1CFA3E6A00FF643A /* dans_binary.hpp */ = {isa = PBXFileReference; fileEncoding = 4; lastKnownFileType = sourcecode.cpp.h; path = dans_binary.hpp; sourceTree = "<group>"; };
		55A801431CF9261300C44356 /* dans_xml */ = {isa = PBXFileReference; explicitFileType = "compiled.mach-o.executable"; includeInIndex = 0; path = dans_xml; sourceTree = BUILT_PRODUCTS_DIR; };
		55A801461CF9261300C44356 /* main.cpp */ = {isa = PBXFileReference; lastKnownFileType = sourcecode.cpp.cpp; path = main.cpp; sourceTree = "<group>"; };
		55A8014D1CF9266100C44356 /* dans_xml.cpp */ = {isa = PBXFileReference; fileEncoding = 4; lastKnownFileType = sourcecode.cpp.cpp; path = dans_xml.cpp; sourceTree = "<group>"; };
		55A8014E1CF9266100C44356 /* dans_xml.hpp */ = {isa = PBXFileReference; fileEncoding = 4; lastKnownFileType = sourcecode.cpp.h; path = dans_xml.hpp; sourceTree = "<group>"; };
/* End PBXFileReference section */

/* Begin PBXFrameworksBuildPhase section */
		55A801401CF9261300C44356 /* Frameworks */ = {
			isa = PBXFrameworksBuildPhase;
			buildActionMask = 2147483647;
			files = (
			);
			runOnlyForDeploymentPostprocessing = 0;
		};
/* End PBXFrameworksBuildPhase section */

/* Begin PBXGroup section */
		55A8013A1CF9261300C44356 = {
			isa = PBXGroup;
			children = (
				55A801451CF9261300C44356 /* dans_xml */,
				55A801441CF9261300C44356 /* Products */,
			);
			sourceTree = "<group>";
		};
		55A801441CF9261300C44356 /* Products */ = {
			isa = PBXGroup;
			children = (
				55A801431CF9261300C44356 /* dans_xml */,
			);
			name = Products;
			sourceTree = "<group>";
		};
		55A801451CF9261300C44356 /* dans_xml */ = {
			isa = PBXGroup;
			children = (
				55A801461CF9261300C44356 /* main.cpp */,
				55A8014E1CF9266100C44356 /* dans_xml.hpp */,
				55A8014D1CF9266100C44356 /* dans_xml.cpp */,
				554333FE1CFA3E6A00FF643A /* dans_binary.hpp */,
				554333FD1CFA3E6A00FF643A /* dans_binary.cpp */,
			);
			path = dans_xml;
			sourceTree = "<group>";
		};
/* End PBXGroup section */

/* Begin PBXNativeTarget section */
		55A801421CF9261300C44356 /* dans_xml */ = {
			isa = PBXNativeTarget;
			buildConfigurationList = 55A8014A1CF9261300C44356 /* Build configuration list for PBXNativeTarget "dans_xml" */;
			buildPhases = (
				55A8013F1CF9261300C44356 /* Sources */,
				55A801401CF9261300C44356 /* Frameworks */,
				55A801411CF9261300C44356 /* CopyFiles */,
			);
			buildRules = (
			);
			dependencies = (
			);
			name = dans_xml;
			productName = dans_xml;
			productReference = 55A801431CF9261300C44356 /* dans_xml */;
			productType = "com.apple.product-type.tool";
		};
/* End PBXNativeTarget section */

/* Begin PBXProject section */
		55A8013B1CF9261300C44356 /* Project object */ = {
			isa = PBXProject;
			attributes = {
				LastUpgradeCheck = 0730;
				ORGANIZATIONNAME = "Uli Kusterer";
				TargetAttributes = {
					55A801421CF9261300C44356 = {
						CreatedOnToolsVersion = 7.3.1;
					};
				};
			};
			buildConfigurationList = 55A8013E1CF9261300C44356 /* Build configuration list for PBXProject "dans_xml" */;
			compatibilityVersion = "Xcode 3.2";
			developmentRegion = English;
			hasScannedForEncodings = 0;
			knownRegions = (
				en,
			);
			mainGroup = 55A8013A1CF9261300C44356;
			productRefGroup = 55A801441CF9261300C44356 /* Products */;
			projectDirPath = "";
			projectRoot = "";
			targets = (
				55A801421CF9261300C44356 /* dans_xml */,
			);
		};
/* End PBXProject section */

/* Begin PBXSourcesBuildPhase section */
		55A8013F1CF9261300C44356 /* Sources */ = {
			isa = PBXSourcesBuildPhase;
			buildActionMask = 2147483647;
			files = (
				55A801471CF9261300C44356 /* main.cpp in Sources */,
				55A8014F1CF9266100C44356 /* dans_xml.cpp in Sources */,
				554333FF1CFA3E6A00FF643A /* dans_binary.cpp in Sources */,
			);
			runOnlyForDeploymentPostprocessing = 0;
		};
/* End PBXSourcesBuildPhase section */

/* Begin XCBuildConfiguration section */
		55A801481CF9261300C44356 /* Debug */ = {
			isa = XCBuildConfiguration;
			buildSettings = {
				ALWAYS_SEARCH_USER_PATHS = NO;
				CLANG_ANALYZER_NONNULL = YES;
				CLANG_CXX_LANGUAGE_STANDARD = "gnu++0x";
				CLANG_CXX_LIBRARY = "libc++";
				CLANG_ENABLE_MODULES = YES;
				CLANG_ENABLE_OBJC_ARC = YES;
				CLANG_WARN_BOOL_CONVERSION = YES;
				CLANG_WARN_CONSTANT_CONVERSION = YES;
				CLANG_WARN_DIRECT_OBJC_ISA_USAGE = YES_ERROR;
				CLANG_WARN_EMPTY_BODY = YES;
				CLANG_WARN_ENUM_CONVERSION = YES;
				CLANG_WARN_INT_CONVERSION = YES;
				CLANG_WARN_OBJC_ROOT_CLASS = YES_ERROR;
				CLANG_WARN_UNREACHABLE_CODE = YES;
				CLANG_WARN__DUPLICATE_METHOD_MATCH = YES;
				CODE_SIGN_IDENTITY = "-";
				COPY_PHASE_STRIP = NO;
				DEBUG_INFORMATION_FORMAT = dwarf;
				ENABLE_STRICT_OBJC_MSGSEND = YES;
				ENABLE_TESTABILITY = YES;
				GCC_C_LANGUAGE_STANDARD = gnu99;
				GCC_DYNAMIC_NO_PIC = NO;
				GCC_NO_COMMON_BLOCKS = YES;
				GCC_OPTIMIZATION_LEVEL = 0;
				GCC_PREPROCESSOR_DEFINITIONS = (
					"DEBUG=1",
					"$(inherited)",
				);
				GCC_WARN_64_TO_32_BIT_CONVERSION = YES;
				GCC_WARN_ABOUT_RETURN_TYPE = YES_ERROR;
				GCC_WARN_UNDECLARED_SELECTOR = YES;
				GCC_WARN_UNINITIALIZED_AUTOS = YES_AGGRESSIVE;
				GCC_WARN_UNUSED_FUNCTION = YES;
				GCC_WARN_UNUSED_VARIABLE = YES;
				MACOSX_DEPLOYMENT_TARGET = 10.11;
				MTL_ENABLE_DEBUG_INFO = YES;
				ONLY_ACTIVE_ARCH = YES;
				SDKROOT = macosx;
			};
			name = Debug;
		};
		55A801491CF9261300C44356 /* Release */ = {
			isa = XCBuildConfiguration;
			buildSettings = {
				ALWAYS_SEARCH_USER_PATHS = NO;
				CLANG_ANALYZER_NONNULL = YES;
				CLANG_CXX_LANGUAGE_STANDARD = "gnu++0x";
				CLANG_CXX_LIBRARY = "libc++";
				CLANG_ENABLE_MODULES = YES;
				CLANG_ENABLE_OBJC_ARC = YES;
				CLANG_WARN_BOOL_CONVERSION = YES;
				CLANG_WARN_CONSTANT_CONVERSION = YES;
				CLANG_WARN_DIRECT_OBJC_ISA_USAGE = YES_ERROR;
				CLANG_WARN_EMPTY_BODY = YES;
				CLANG_WARN_ENUM_CONVERSION = YES;
				CLANG_WARN_INT_CONVERSION = YES;
				CLANG_WARN_OBJC_ROOT_CLASS = YES_ERROR;
				CLANG_WARN_UNREACHABLE_CODE = YES;
				CLANG_WARN__DUPLICATE_METHOD_MATCH = YES;
				CODE_SIGN_IDENTITY = "-";
				COPY_PHASE_STRIP = NO;
				DEBUG_INFORMATION_FORMAT = "dwarf-with-dsym";
				ENABLE_NS_ASSERTIONS = NO;
				ENABLE_STRICT_OBJC_MSGSEND = YES;
				GCC_C_LANGUAGE_STANDARD = gnu99;
				GCC_NO_COMMON_BLOCKS = YES;
				GCC_WARN_64_TO_32_BIT_CONVERSION = YES;
				GCC_WARN_ABOUT_RETURN_TYPE = YES_ERROR;
				GCC_WARN_UNDECLARED_SELECTOR = YES;
				GCC_WARN_UNINITIALIZED_AUTOS = YES_AGGRESSIVE;
				GCC_WARN_UNUSED_FUNCTION = YES;
				GCC_WARN_UNUSED_VARIABLE = YES;
				MACOSX_DEPLOYMENT_TARGET = 10.11;
				MTL_ENABLE_DEBUG_INFO = NO;
				SDKROOT = macosx;
			};
			name = Release;
		};
		55A8014B1CF9261300C44356 /* Debug */ = {
			isa = XCBuildConfiguration;
			buildSettings = {
				PRODUCT_NAME = "$(TARGET_NAME)";
			};
			name = Debug;
		};
		55A8014C1CF9261300C44356 /* Release */ = {
			isa = XCBuildConfiguration;
			buildSettings = {
				PRODUCT_NAME = "$(TARGET_NAME)";
			};
			name = Release;
		};
/* End XCBuildConfiguration section */

/* Begin XCConfigurationList section */
		55A8013E1CF9261300C44356 /* Build configuration list for PBXProject "dans_xml" */ = {
			isa = XCConfigurationList;
			buildConfigurations = (
				55A801481CF9261300C44356 /* Debug */,
				55A801491CF9261300C44356 /* Release */,
			);
			defaultConfigurationIsVisible = 0;
			defaultConfigurationName = Release;
		};
		55A8014A1CF9261300C44356 /* Build configuration list for PBXNativeTarget "dans_xml" */ = {
			isa = XCConfigurationList;
			buildConfigurations = (
				55A8014B1CF9261300C44356 /* Debug */,
				55A8014C1CF9261300C44356 /* Release */,
			);
			defaultConfigurationIsVisible = 0;
			defaultConfigurationName = Release;
		};
/* End XCConfigurationList section */
	};
	rootObject = 55A8013B1CF9261300C44356 /* Project object */;
}
